{
  "name": "zimjs",
  "requires": true,
  "lockfileVersion": 1,
  "dependencies": {
    "@neoli/createjs": {
      "version": "0.0.8",
      "resolved": "https://registry.npmjs.org/@neoli/createjs/-/createjs-0.0.8.tgz",
      "integrity": "sha512-BrW5g+z6Kf1IFVSui+UDaQX9FXqO9g0aIi/HCc/xk0KFyd91OiyU/2vJqequyZVjCey2JmiFE8JvXdMUUGlS9A==",
      "dev": true
    }
  }
}
